// !$*UTF8*$!
{
	archiveVersion = 1;
	classes = {
	};
	objectVersion = 50;
	objects = {

/* Begin PBXBuildFile section */
		6696D472260D82100006FB6F /* cfg.cpp in Sources */ = {isa = PBXBuildFile; fileRef = 6696D46A260D82100006FB6F /* cfg.cpp */; };
		6696D473260D82100006FB6F /* stdout_sinks.cpp in Sources */ = {isa = PBXBuildFile; fileRef = 6696D46B260D82100006FB6F /* stdout_sinks.cpp */; };
		6696D474260D82100006FB6F /* fmt.cpp in Sources */ = {isa = PBXBuildFile; fileRef = 6696D46C260D82100006FB6F /* fmt.cpp */; };
		6696D475260D82100006FB6F /* ims_spdlog.mm in Sources */ = {isa = PBXBuildFile; fileRef = 6696D46D260D82100006FB6F /* ims_spdlog.mm */; };
		6696D476260D82100006FB6F /* async.cpp in Sources */ = {isa = PBXBuildFile; fileRef = 6696D46E260D82100006FB6F /* async.cpp */; };
		6696D477260D82100006FB6F /* file_sinks.cpp in Sources */ = {isa = PBXBuildFile; fileRef = 6696D46F260D82100006FB6F /* file_sinks.cpp */; };
		6696D478260D82100006FB6F /* color_sinks.cpp in Sources */ = {isa = PBXBuildFile; fileRef = 6696D470260D82100006FB6F /* color_sinks.cpp */; };
		6696D479260D82100006FB6F /* spdlog.cpp in Sources */ = {isa = PBXBuildFile; fileRef = 6696D471260D82100006FB6F /* spdlog.cpp */; };
/* End PBXBuildFile section */

/* Begin PBXCopyFilesBuildPhase section */
		66B507A62603123F005478F2 /* CopyFiles */ = {
			isa = PBXCopyFilesBuildPhase;
			buildActionMask = 2147483647;
			dstPath = "include/$(PRODUCT_NAME)";
			dstSubfolderSpec = 16;
			files = (
			);
			runOnlyForDeploymentPostprocessing = 0;
		};
/* End PBXCopyFilesBuildPhase section */

/* Begin PBXFileReference section */
		6696D408260D820F0006FB6F /* pattern_formatter-inl.h */ = {isa = PBXFileReference; fileEncoding = 4; lastKnownFileType = sourcecode.c.h; path = "pattern_formatter-inl.h"; sourceTree = "<group>"; };
		6696D409260D820F0006FB6F /* fwd.h */ = {isa = PBXFileReference; fileEncoding = 4; lastKnownFileType = sourcecode.c.h; path = fwd.h; sourceTree = "<group>"; };
		6696D40A260D820F0006FB6F /* version.h */ = {isa = PBXFileReference; fileEncoding = 4; lastKnownFileType = sourcecode.c.h; path = version.h; sourceTree = "<group>"; };
		6696D40B260D820F0006FB6F /* spdlog.h */ = {isa = PBXFileReference; fileEncoding = 4; lastKnownFileType = sourcecode.c.h; path = spdlog.h; sourceTree = "<group>"; };
		6696D40D260D820F0006FB6F /* chrono.h */ = {isa = PBXFileReference; fileEncoding = 4; lastKnownFileType = sourcecode.c.h; path = chrono.h; sourceTree = "<group>"; };
		6696D40E260D820F0006FB6F /* bin_to_hex.h */ = {isa = PBXFileReference; fileEncoding = 4; lastKnownFileType = sourcecode.c.h; path = bin_to_hex.h; sourceTree = "<group>"; };
		6696D410260D820F0006FB6F /* ostream.h */ = {isa = PBXFileReference; fileEncoding = 4; lastKnownFileType = sourcecode.c.h; path = ostream.h; sourceTree = "<group>"; };
		6696D411260D820F0006FB6F /* format-inl.h */ = {isa = PBXFileReference; fileEncoding = 4; lastKnownFileType = sourcecode.c.h; path = "format-inl.h"; sourceTree = "<group>"; };
		6696D412260D820F0006FB6F /* ranges.h */ = {isa = PBXFileReference; fileEncoding = 4; lastKnownFileType = sourcecode.c.h; path = ranges.h; sourceTree = "<group>"; };
		6696D413260D820F0006FB6F /* core.h */ = {isa = PBXFileReference; fileEncoding = 4; lastKnownFileType = sourcecode.c.h; path = core.h; sourceTree = "<group>"; };
		6696D414260D820F0006FB6F /* chrono.h */ = {isa = PBXFileReference; fileEncoding = 4; lastKnownFileType = sourcecode.c.h; path = chrono.h; sourceTree = "<group>"; };
		6696D415260D820F0006FB6F /* os.h */ = {isa = PBXFileReference; fileEncoding = 4; lastKnownFileType = sourcecode.c.h; path = os.h; sourceTree = "<group>"; };
		6696D416260D820F0006FB6F /* color.h */ = {isa = PBXFileReference; fileEncoding = 4; lastKnownFileType = sourcecode.c.h; path = color.h; sourceTree = "<group>"; };
		6696D417260D820F0006FB6F /* printf.h */ = {isa = PBXFileReference; fileEncoding = 4; lastKnownFileType = sourcecode.c.h; path = printf.h; sourceTree = "<group>"; };
		6696D418260D820F0006FB6F /* compile.h */ = {isa = PBXFileReference; fileEncoding = 4; lastKnownFileType = sourcecode.c.h; path = compile.h; sourceTree = "<group>"; };
		6696D419260D820F0006FB6F /* posix.h */ = {isa = PBXFileReference; fileEncoding = 4; lastKnownFileType = sourcecode.c.h; path = posix.h; sourceTree = "<group>"; };
		6696D41A260D820F0006FB6F /* LICENSE.rst */ = {isa = PBXFileReference; fileEncoding = 4; lastKnownFileType = text; path = LICENSE.rst; sourceTree = "<group>"; };
		6696D41B260D820F0006FB6F /* spdlocale.h */ = {isa = PBXFileReference; fileEncoding = 4; lastKnownFileType = sourcecode.c.h; path = spdlocale.h; sourceTree = "<group>"; };
		6696D41C260D820F0006FB6F /* format.h */ = {isa = PBXFileReference; fileEncoding = 4; lastKnownFileType = sourcecode.c.h; path = format.h; sourceTree = "<group>"; };
		6696D41D260D820F0006FB6F /* fmt.h */ = {isa = PBXFileReference; fileEncoding = 4; lastKnownFileType = sourcecode.c.h; path = fmt.h; sourceTree = "<group>"; };
		6696D41E260D820F0006FB6F /* ostr.h */ = {isa = PBXFileReference; fileEncoding = 4; lastKnownFileType = sourcecode.c.h; path = ostr.h; sourceTree = "<group>"; };
		6696D41F260D820F0006FB6F /* logger-inl.h */ = {isa = PBXFileReference; fileEncoding = 4; lastKnownFileType = sourcecode.c.h; path = "logger-inl.h"; sourceTree = "<group>"; };
		6696D421260D820F0006FB6F /* ansicolor_sink-inl.h */ = {isa = PBXFileReference; fileEncoding = 4; lastKnownFileType = sourcecode.c.h; path = "ansicolor_sink-inl.h"; sourceTree = "<group>"; };
		6696D422260D820F0006FB6F /* stdout_sinks.h */ = {isa = PBXFileReference; fileEncoding = 4; lastKnownFileType = sourcecode.c.h; path = stdout_sinks.h; sourceTree = "<group>"; };
		6696D423260D820F0006FB6F /* basic_file_sink.h */ = {isa = PBXFileReference; fileEncoding = 4; lastKnownFileType = sourcecode.c.h; path = basic_file_sink.h; sourceTree = "<group>"; };
		6696D424260D820F0006FB6F /* rotating_file_sink.h */ = {isa = PBXFileReference; fileEncoding = 4; lastKnownFileType = sourcecode.c.h; path = rotating_file_sink.h; sourceTree = "<group>"; };
		6696D425260D820F0006FB6F /* daily_file_sink.h */ = {isa = PBXFileReference; fileEncoding = 4; lastKnownFileType = sourcecode.c.h; path = daily_file_sink.h; sourceTree = "<group>"; };
		6696D426260D820F0006FB6F /* ringbuffer_sink.h */ = {isa = PBXFileReference; fileEncoding = 4; lastKnownFileType = sourcecode.c.h; path = ringbuffer_sink.h; sourceTree = "<group>"; };
		6696D427260D820F0006FB6F /* ansicolor_sink.h */ = {isa = PBXFileReference; fileEncoding = 4; lastKnownFileType = sourcecode.c.h; path = ansicolor_sink.h; sourceTree = "<group>"; };
		6696D428260D820F0006FB6F /* systemd_sink.h */ = {isa = PBXFileReference; fileEncoding = 4; lastKnownFileType = sourcecode.c.h; path = systemd_sink.h; sourceTree = "<group>"; };
		6696D429260D820F0006FB6F /* base_sink.h */ = {isa = PBXFileReference; fileEncoding = 4; lastKnownFileType = sourcecode.c.h; path = base_sink.h; sourceTree = "<group>"; };
		6696D42A260D820F0006FB6F /* stdout_color_sinks.h */ = {isa = PBXFileReference; fileEncoding = 4; lastKnownFileType = sourcecode.c.h; path = stdout_color_sinks.h; sourceTree = "<group>"; };
		6696D42B260D820F0006FB6F /* dist_sink.h */ = {isa = PBXFileReference; fileEncoding = 4; lastKnownFileType = sourcecode.c.h; path = dist_sink.h; sourceTree = "<group>"; };
		6696D42C260D820F0006FB6F /* msvc_sink.h */ = {isa = PBXFileReference; fileEncoding = 4; lastKnownFileType = sourcecode.c.h; path = msvc_sink.h; sourceTree = "<group>"; };
		6696D42D260D820F0006FB6F /* tcp_sink.h */ = {isa = PBXFileReference; fileEncoding = 4; lastKnownFileType = sourcecode.c.h; path = tcp_sink.h; sourceTree = "<group>"; };
		6696D42E260D820F0006FB6F /* sink-inl.h */ = {isa = PBXFileReference; fileEncoding = 4; lastKnownFileType = sourcecode.c.h; path = "sink-inl.h"; sourceTree = "<group>"; };
		6696D42F260D820F0006FB6F /* wincolor_sink-inl.h */ = {isa = PBXFileReference; fileEncoding = 4; lastKnownFileType = sourcecode.c.h; path = "wincolor_sink-inl.h"; sourceTree = "<group>"; };
		6696D430260D820F0006FB6F /* ios_sink.h */ = {isa = PBXFileReference; fileEncoding = 4; lastKnownFileType = sourcecode.c.h; path = ios_sink.h; sourceTree = "<group>"; };
		6696D431260D820F0006FB6F /* android_sink.h */ = {isa = PBXFileReference; fileEncoding = 4; lastKnownFileType = sourcecode.c.h; path = android_sink.h; sourceTree = "<group>"; };
		6696D432260D820F0006FB6F /* stdout_sinks-inl.h */ = {isa = PBXFileReference; fileEncoding = 4; lastKnownFileType = sourcecode.c.h; path = "stdout_sinks-inl.h"; sourceTree = "<group>"; };
		6696D433260D820F0006FB6F /* sink.h */ = {isa = PBXFileReference; fileEncoding = 4; lastKnownFileType = sourcecode.c.h; path = sink.h; sourceTree = "<group>"; };
		6696D434260D820F0006FB6F /* syslog_sink.h */ = {isa = PBXFileReference; fileEncoding = 4; lastKnownFileType = sourcecode.c.h; path = syslog_sink.h; sourceTree = "<group>"; };
		6696D435260D820F0006FB6F /* dup_filter_sink.h */ = {isa = PBXFileReference; fileEncoding = 4; lastKnownFileType = sourcecode.c.h; path = dup_filter_sink.h; sourceTree = "<group>"; };
		6696D436260D820F0006FB6F /* win_eventlog_sink.h */ = {isa = PBXFileReference; fileEncoding = 4; lastKnownFileType = sourcecode.c.h; path = win_eventlog_sink.h; sourceTree = "<group>"; };
		6696D437260D820F0006FB6F /* stdout_color_sinks-inl.h */ = {isa = PBXFileReference; fileEncoding = 4; lastKnownFileType = sourcecode.c.h; path = "stdout_color_sinks-inl.h"; sourceTree = "<group>"; };
		6696D438260D820F0006FB6F /* ostream_sink.h */ = {isa = PBXFileReference; fileEncoding = 4; lastKnownFileType = sourcecode.c.h; path = ostream_sink.h; sourceTree = "<group>"; };
		6696D439260D820F0006FB6F /* rotating_file_sink-inl.h */ = {isa = PBXFileReference; fileEncoding = 4; lastKnownFileType = sourcecode.c.h; path = "rotating_file_sink-inl.h"; sourceTree = "<group>"; };
		6696D43A260D820F0006FB6F /* basic_file_sink-inl.h */ = {isa = PBXFileReference; fileEncoding = 4; lastKnownFileType = sourcecode.c.h; path = "basic_file_sink-inl.h"; sourceTree = "<group>"; };
		6696D43B260D820F0006FB6F /* null_sink.h */ = {isa = PBXFileReference; fileEncoding = 4; lastKnownFileType = sourcecode.c.h; path = null_sink.h; sourceTree = "<group>"; };
		6696D43C260D820F0006FB6F /* base_sink-inl.h */ = {isa = PBXFileReference; fileEncoding = 4; lastKnownFileType = sourcecode.c.h; path = "base_sink-inl.h"; sourceTree = "<group>"; };
		6696D43D260D820F0006FB6F /* wincolor_sink.h */ = {isa = PBXFileReference; fileEncoding = 4; lastKnownFileType = sourcecode.c.h; path = wincolor_sink.h; sourceTree = "<group>"; };
		6696D43E260D820F0006FB6F /* formatter.h */ = {isa = PBXFileReference; fileEncoding = 4; lastKnownFileType = sourcecode.c.h; path = formatter.h; sourceTree = "<group>"; };
		6696D43F260D820F0006FB6F /* common-inl.h */ = {isa = PBXFileReference; fileEncoding = 4; lastKnownFileType = sourcecode.c.h; path = "common-inl.h"; sourceTree = "<group>"; };
		6696D441260D820F0006FB6F /* log_msg_buffer-inl.h */ = {isa = PBXFileReference; fileEncoding = 4; lastKnownFileType = sourcecode.c.h; path = "log_msg_buffer-inl.h"; sourceTree = "<group>"; };
		6696D442260D820F0006FB6F /* log_msg-inl.h */ = {isa = PBXFileReference; fileEncoding = 4; lastKnownFileType = sourcecode.c.h; path = "log_msg-inl.h"; sourceTree = "<group>"; };
		6696D443260D820F0006FB6F /* file_helper.h */ = {isa = PBXFileReference; fileEncoding = 4; lastKnownFileType = sourcecode.c.h; path = file_helper.h; sourceTree = "<group>"; };
		6696D444260D820F0006FB6F /* periodic_worker-inl.h */ = {isa = PBXFileReference; fileEncoding = 4; lastKnownFileType = sourcecode.c.h; path = "periodic_worker-inl.h"; sourceTree = "<group>"; };
		6696D445260D820F0006FB6F /* periodic_worker.h */ = {isa = PBXFileReference; fileEncoding = 4; lastKnownFileType = sourcecode.c.h; path = periodic_worker.h; sourceTree = "<group>"; };
		6696D446260D820F0006FB6F /* mpmc_blocking_q.h */ = {isa = PBXFileReference; fileEncoding = 4; lastKnownFileType = sourcecode.c.h; path = mpmc_blocking_q.h; sourceTree = "<group>"; };
		6696D447260D820F0006FB6F /* os.h */ = {isa = PBXFileReference; fileEncoding = 4; lastKnownFileType = sourcecode.c.h; path = os.h; sourceTree = "<group>"; };
		6696D448260D820F0006FB6F /* thread_pool-inl.h */ = {isa = PBXFileReference; fileEncoding = 4; lastKnownFileType = sourcecode.c.h; path = "thread_pool-inl.h"; sourceTree = "<group>"; };
		6696D449260D820F0006FB6F /* fmt_helper.h */ = {isa = PBXFileReference; fileEncoding = 4; lastKnownFileType = sourcecode.c.h; path = fmt_helper.h; sourceTree = "<group>"; };
		6696D44A260D820F0006FB6F /* null_mutex.h */ = {isa = PBXFileReference; fileEncoding = 4; lastKnownFileType = sourcecode.c.h; path = null_mutex.h; sourceTree = "<group>"; };
		6696D44B260D820F0006FB6F /* registry.h */ = {isa = PBXFileReference; fileEncoding = 4; lastKnownFileType = sourcecode.c.h; path = registry.h; sourceTree = "<group>"; };
		6696D44C260D820F0006FB6F /* backtracer.h */ = {isa = PBXFileReference; fileEncoding = 4; lastKnownFileType = sourcecode.c.h; path = backtracer.h; sourceTree = "<group>"; };
		6696D44D260D820F0006FB6F /* registry-inl.h */ = {isa = PBXFileReference; fileEncoding = 4; lastKnownFileType = sourcecode.c.h; path = "registry-inl.h"; sourceTree = "<group>"; };
		6696D44E260D820F0006FB6F /* thread_pool.h */ = {isa = PBXFileReference; fileEncoding = 4; lastKnownFileType = sourcecode.c.h; path = thread_pool.h; sourceTree = "<group>"; };
		6696D44F260D820F0006FB6F /* circular_q.h */ = {isa = PBXFileReference; fileEncoding = 4; lastKnownFileType = sourcecode.c.h; path = circular_q.h; sourceTree = "<group>"; };
		6696D450260D820F0006FB6F /* synchronous_factory.h */ = {isa = PBXFileReference; fileEncoding = 4; lastKnownFileType = sourcecode.c.h; path = synchronous_factory.h; sourceTree = "<group>"; };
		6696D451260D820F0006FB6F /* os-inl.h */ = {isa = PBXFileReference; fileEncoding = 4; lastKnownFileType = sourcecode.c.h; path = "os-inl.h"; sourceTree = "<group>"; };
		6696D452260D820F0006FB6F /* log_msg.h */ = {isa = PBXFileReference; fileEncoding = 4; lastKnownFileType = sourcecode.c.h; path = log_msg.h; sourceTree = "<group>"; };
		6696D453260D820F0006FB6F /* backtracer-inl.h */ = {isa = PBXFileReference; fileEncoding = 4; lastKnownFileType = sourcecode.c.h; path = "backtracer-inl.h"; sourceTree = "<group>"; };
		6696D454260D820F0006FB6F /* file_helper-inl.h */ = {isa = PBXFileReference; fileEncoding = 4; lastKnownFileType = sourcecode.c.h; path = "file_helper-inl.h"; sourceTree = "<group>"; };
		6696D455260D820F0006FB6F /* log_msg_buffer.h */ = {isa = PBXFileReference; fileEncoding = 4; lastKnownFileType = sourcecode.c.h; path = log_msg_buffer.h; sourceTree = "<group>"; };
		6696D456260D820F0006FB6F /* tcp_client.h */ = {isa = PBXFileReference; fileEncoding = 4; lastKnownFileType = sourcecode.c.h; path = tcp_client.h; sourceTree = "<group>"; };
		6696D457260D820F0006FB6F /* console_globals.h */ = {isa = PBXFileReference; fileEncoding = 4; lastKnownFileType = sourcecode.c.h; path = console_globals.h; sourceTree = "<group>"; };
		6696D458260D820F0006FB6F /* windows_include.h */ = {isa = PBXFileReference; fileEncoding = 4; lastKnownFileType = sourcecode.c.h; path = windows_include.h; sourceTree = "<group>"; };
		6696D459260D820F0006FB6F /* tcp_client-windows.h */ = {isa = PBXFileReference; fileEncoding = 4; lastKnownFileType = sourcecode.c.h; path = "tcp_client-windows.h"; sourceTree = "<group>"; };
		6696D45A260D820F0006FB6F /* ims_spdlog.h */ = {isa = PBXFileReference; fileEncoding = 4; lastKnownFileType = sourcecode.c.h; path = ims_spdlog.h; sourceTree = "<group>"; };
		6696D45B260D820F0006FB6F /* async_logger.h */ = {isa = PBXFileReference; fileEncoding = 4; lastKnownFileType = sourcecode.c.h; path = async_logger.h; sourceTree = "<group>"; };
		6696D45D260D82100006FB6F /* env.h */ = {isa = PBXFileReference; fileEncoding = 4; lastKnownFileType = sourcecode.c.h; path = env.h; sourceTree = "<group>"; };
		6696D45E260D82100006FB6F /* argv.h */ = {isa = PBXFileReference; fileEncoding = 4; lastKnownFileType = sourcecode.c.h; path = argv.h; sourceTree = "<group>"; };
		6696D45F260D82100006FB6F /* helpers-inl.h */ = {isa = PBXFileReference; fileEncoding = 4; lastKnownFileType = sourcecode.c.h; path = "helpers-inl.h"; sourceTree = "<group>"; };
		6696D460260D82100006FB6F /* helpers.h */ = {isa = PBXFileReference; fileEncoding = 4; lastKnownFileType = sourcecode.c.h; path = helpers.h; sourceTree = "<group>"; };
		6696D461260D82100006FB6F /* tweakme.h */ = {isa = PBXFileReference; fileEncoding = 4; lastKnownFileType = sourcecode.c.h; path = tweakme.h; sourceTree = "<group>"; };
		6696D462260D82100006FB6F /* async.h */ = {isa = PBXFileReference; fileEncoding = 4; lastKnownFileType = sourcecode.c.h; path = async.h; sourceTree = "<group>"; };
		6696D463260D82100006FB6F /* common.h */ = {isa = PBXFileReference; fileEncoding = 4; lastKnownFileType = sourcecode.c.h; path = common.h; sourceTree = "<group>"; };
		6696D464260D82100006FB6F /* async_logger-inl.h */ = {isa = PBXFileReference; fileEncoding = 4; lastKnownFileType = sourcecode.c.h; path = "async_logger-inl.h"; sourceTree = "<group>"; };
		6696D465260D82100006FB6F /* stopwatch.h */ = {isa = PBXFileReference; fileEncoding = 4; lastKnownFileType = sourcecode.c.h; path = stopwatch.h; sourceTree = "<group>"; };
		6696D466260D82100006FB6F /* pattern_formatter.h */ = {isa = PBXFileReference; fileEncoding = 4; lastKnownFileType = sourcecode.c.h; path = pattern_formatter.h; sourceTree = "<group>"; };
		6696D467260D82100006FB6F /* logger.h */ = {isa = PBXFileReference; fileEncoding = 4; lastKnownFileType = sourcecode.c.h; path = logger.h; sourceTree = "<group>"; };
		6696D468260D82100006FB6F /* spdlog-inl.h */ = {isa = PBXFileReference; fileEncoding = 4; lastKnownFileType = sourcecode.c.h; path = "spdlog-inl.h"; sourceTree = "<group>"; };
		6696D46A260D82100006FB6F /* cfg.cpp */ = {isa = PBXFileReference; fileEncoding = 4; lastKnownFileType = sourcecode.cpp.cpp; path = cfg.cpp; sourceTree = "<group>"; };
		6696D46B260D82100006FB6F /* stdout_sinks.cpp */ = {isa = PBXFileReference; fileEncoding = 4; lastKnownFileType = sourcecode.cpp.cpp; path = stdout_sinks.cpp; sourceTree = "<group>"; };
		6696D46C260D82100006FB6F /* fmt.cpp */ = {isa = PBXFileReference; fileEncoding = 4; lastKnownFileType = sourcecode.cpp.cpp; path = fmt.cpp; sourceTree = "<group>"; };
		6696D46D260D82100006FB6F /* ims_spdlog.mm */ = {isa = PBXFileReference; fileEncoding = 4; lastKnownFileType = sourcecode.cpp.objcpp; path = ims_spdlog.mm; sourceTree = "<group>"; };
		6696D46E260D82100006FB6F /* async.cpp */ = {isa = PBXFileReference; fileEncoding = 4; lastKnownFileType = sourcecode.cpp.cpp; path = async.cpp; sourceTree = "<group>"; };
		6696D46F260D82100006FB6F /* file_sinks.cpp */ = {isa = PBXFileReference; fileEncoding = 4; lastKnownFileType = sourcecode.cpp.cpp; path = file_sinks.cpp; sourceTree = "<group>"; };
		6696D470260D82100006FB6F /* color_sinks.cpp */ = {isa = PBXFileReference; fileEncoding = 4; lastKnownFileType = sourcecode.cpp.cpp; path = color_sinks.cpp; sourceTree = "<group>"; };
		6696D471260D82100006FB6F /* spdlog.cpp */ = {isa = PBXFileReference; fileEncoding = 4; lastKnownFileType = sourcecode.cpp.cpp; path = spdlog.cpp; sourceTree = "<group>"; };
		66B507A82603123F005478F2 /* libspdlog.a */ = {isa = PBXFileReference; explicitFileType = archive.ar; includeInIndex = 0; path = libspdlog.a; sourceTree = BUILT_PRODUCTS_DIR; };
/* End PBXFileReference section */

/* Begin PBXFrameworksBuildPhase section */
		66B507A52603123F005478F2 /* Frameworks */ = {
			isa = PBXFrameworksBuildPhase;
			buildActionMask = 2147483647;
			files = (
			);
			runOnlyForDeploymentPostprocessing = 0;
		};
/* End PBXFrameworksBuildPhase section */

/* Begin PBXGroup section */
		6696D405260D820F0006FB6F /* spdlog */ = {
			isa = PBXGroup;
			children = (
				6696D406260D820F0006FB6F /* include */,
				6696D469260D82100006FB6F /* src */,
			);
			path = spdlog;
			sourceTree = "<group>";
		};
		6696D406260D820F0006FB6F /* include */ = {
			isa = PBXGroup;
			children = (
				6696D407260D820F0006FB6F /* spdlog */,
			);
			path = include;
			sourceTree = "<group>";
		};
		6696D407260D820F0006FB6F /* spdlog */ = {
			isa = PBXGroup;
			children = (
				6696D408260D820F0006FB6F /* pattern_formatter-inl.h */,
				6696D409260D820F0006FB6F /* fwd.h */,
				6696D40A260D820F0006FB6F /* version.h */,
				6696D40B260D820F0006FB6F /* spdlog.h */,
				6696D40C260D820F0006FB6F /* fmt */,
				6696D41F260D820F0006FB6F /* logger-inl.h */,
				6696D420260D820F0006FB6F /* sinks */,
				6696D43E260D820F0006FB6F /* formatter.h */,
				6696D43F260D820F0006FB6F /* common-inl.h */,
				6696D440260D820F0006FB6F /* details */,
				6696D45A260D820F0006FB6F /* ims_spdlog.h */,
				6696D45B260D820F0006FB6F /* async_logger.h */,
				6696D45C260D82100006FB6F /* cfg */,
				6696D461260D82100006FB6F /* tweakme.h */,
				6696D462260D82100006FB6F /* async.h */,
				6696D463260D82100006FB6F /* common.h */,
				6696D464260D82100006FB6F /* async_logger-inl.h */,
				6696D465260D82100006FB6F /* stopwatch.h */,
				6696D466260D82100006FB6F /* pattern_formatter.h */,
				6696D467260D82100006FB6F /* logger.h */,
				6696D468260D82100006FB6F /* spdlog-inl.h */,
			);
			path = spdlog;
			sourceTree = "<group>";
		};
		6696D40C260D820F0006FB6F /* fmt */ = {
			isa = PBXGroup;
			children = (
				6696D40D260D820F0006FB6F /* chrono.h */,
				6696D40E260D820F0006FB6F /* bin_to_hex.h */,
				6696D40F260D820F0006FB6F /* bundled */,
				6696D41D260D820F0006FB6F /* fmt.h */,
				6696D41E260D820F0006FB6F /* ostr.h */,
			);
			path = fmt;
			sourceTree = "<group>";
		};
		6696D40F260D820F0006FB6F /* bundled */ = {
			isa = PBXGroup;
			children = (
				6696D410260D820F0006FB6F /* ostream.h */,
				6696D411260D820F0006FB6F /* format-inl.h */,
				6696D412260D820F0006FB6F /* ranges.h */,
				6696D413260D820F0006FB6F /* core.h */,
				6696D414260D820F0006FB6F /* chrono.h */,
				6696D415260D820F0006FB6F /* os.h */,
				6696D416260D820F0006FB6F /* color.h */,
				6696D417260D820F0006FB6F /* printf.h */,
				6696D418260D820F0006FB6F /* compile.h */,
				6696D419260D820F0006FB6F /* posix.h */,
				6696D41A260D820F0006FB6F /* LICENSE.rst */,
				6696D41B260D820F0006FB6F /* spdlocale.h */,
				6696D41C260D820F0006FB6F /* format.h */,
			);
			path = bundled;
			sourceTree = "<group>";
		};
		6696D420260D820F0006FB6F /* sinks */ = {
			isa = PBXGroup;
			children = (
				6696D421260D820F0006FB6F /* ansicolor_sink-inl.h */,
				6696D422260D820F0006FB6F /* stdout_sinks.h */,
				6696D423260D820F0006FB6F /* basic_file_sink.h */,
				6696D424260D820F0006FB6F /* rotating_file_sink.h */,
				6696D425260D820F0006FB6F /* daily_file_sink.h */,
				6696D426260D820F0006FB6F /* ringbuffer_sink.h */,
				6696D427260D820F0006FB6F /* ansicolor_sink.h */,
				6696D428260D820F0006FB6F /* systemd_sink.h */,
				6696D429260D820F0006FB6F /* base_sink.h */,
				6696D42A260D820F0006FB6F /* stdout_color_sinks.h */,
				6696D42B260D820F0006FB6F /* dist_sink.h */,
				6696D42C260D820F0006FB6F /* msvc_sink.h */,
				6696D42D260D820F0006FB6F /* tcp_sink.h */,
				6696D42E260D820F0006FB6F /* sink-inl.h */,
				6696D42F260D820F0006FB6F /* wincolor_sink-inl.h */,
				6696D430260D820F0006FB6F /* ios_sink.h */,
				6696D431260D820F0006FB6F /* android_sink.h */,
				6696D432260D820F0006FB6F /* stdout_sinks-inl.h */,
				6696D433260D820F0006FB6F /* sink.h */,
				6696D434260D820F0006FB6F /* syslog_sink.h */,
				6696D435260D820F0006FB6F /* dup_filter_sink.h */,
				6696D436260D820F0006FB6F /* win_eventlog_sink.h */,
				6696D437260D820F0006FB6F /* stdout_color_sinks-inl.h */,
				6696D438260D820F0006FB6F /* ostream_sink.h */,
				6696D439260D820F0006FB6F /* rotating_file_sink-inl.h */,
				6696D43A260D820F0006FB6F /* basic_file_sink-inl.h */,
				6696D43B260D820F0006FB6F /* null_sink.h */,
				6696D43C260D820F0006FB6F /* base_sink-inl.h */,
				6696D43D260D820F0006FB6F /* wincolor_sink.h */,
			);
			path = sinks;
			sourceTree = "<group>";
		};
		6696D440260D820F0006FB6F /* details */ = {
			isa = PBXGroup;
			children = (
				6696D441260D820F0006FB6F /* log_msg_buffer-inl.h */,
				6696D442260D820F0006FB6F /* log_msg-inl.h */,
				6696D443260D820F0006FB6F /* file_helper.h */,
				6696D444260D820F0006FB6F /* periodic_worker-inl.h */,
				6696D445260D820F0006FB6F /* periodic_worker.h */,
				6696D446260D820F0006FB6F /* mpmc_blocking_q.h */,
				6696D447260D820F0006FB6F /* os.h */,
				6696D448260D820F0006FB6F /* thread_pool-inl.h */,
				6696D449260D820F0006FB6F /* fmt_helper.h */,
				6696D44A260D820F0006FB6F /* null_mutex.h */,
				6696D44B260D820F0006FB6F /* registry.h */,
				6696D44C260D820F0006FB6F /* backtracer.h */,
				6696D44D260D820F0006FB6F /* registry-inl.h */,
				6696D44E260D820F0006FB6F /* thread_pool.h */,
				6696D44F260D820F0006FB6F /* circular_q.h */,
				6696D450260D820F0006FB6F /* synchronous_factory.h */,
				6696D451260D820F0006FB6F /* os-inl.h */,
				6696D452260D820F0006FB6F /* log_msg.h */,
				6696D453260D820F0006FB6F /* backtracer-inl.h */,
				6696D454260D820F0006FB6F /* file_helper-inl.h */,
				6696D455260D820F0006FB6F /* log_msg_buffer.h */,
				6696D456260D820F0006FB6F /* tcp_client.h */,
				6696D457260D820F0006FB6F /* console_globals.h */,
				6696D458260D820F0006FB6F /* windows_include.h */,
				6696D459260D820F0006FB6F /* tcp_client-windows.h */,
			);
			path = details;
			sourceTree = "<group>";
		};
		6696D45C260D82100006FB6F /* cfg */ = {
			isa = PBXGroup;
			children = (
				6696D45D260D82100006FB6F /* env.h */,
				6696D45E260D82100006FB6F /* argv.h */,
				6696D45F260D82100006FB6F /* helpers-inl.h */,
				6696D460260D82100006FB6F /* helpers.h */,
			);
			path = cfg;
			sourceTree = "<group>";
		};
		6696D469260D82100006FB6F /* src */ = {
			isa = PBXGroup;
			children = (
				6696D46A260D82100006FB6F /* cfg.cpp */,
				6696D46B260D82100006FB6F /* stdout_sinks.cpp */,
				6696D46C260D82100006FB6F /* fmt.cpp */,
				6696D46D260D82100006FB6F /* ims_spdlog.mm */,
				6696D46E260D82100006FB6F /* async.cpp */,
				6696D46F260D82100006FB6F /* file_sinks.cpp */,
				6696D470260D82100006FB6F /* color_sinks.cpp */,
				6696D471260D82100006FB6F /* spdlog.cpp */,
			);
			path = src;
			sourceTree = "<group>";
		};
		66B5079F2603123F005478F2 = {
			isa = PBXGroup;
			children = (
				6696D405260D820F0006FB6F /* spdlog */,
				66B507A92603123F005478F2 /* Products */,
			);
			sourceTree = "<group>";
		};
		66B507A92603123F005478F2 /* Products */ = {
			isa = PBXGroup;
			children = (
				66B507A82603123F005478F2 /* libspdlog.a */,
			);
			name = Products;
			sourceTree = "<group>";
		};
/* End PBXGroup section */

/* Begin PBXNativeTarget section */
		66B507A72603123F005478F2 /* spdlog */ = {
			isa = PBXNativeTarget;
			buildConfigurationList = 66B507B12603123F005478F2 /* Build configuration list for PBXNativeTarget "spdlog" */;
			buildPhases = (
				66B507A42603123F005478F2 /* Sources */,
				66B507A52603123F005478F2 /* Frameworks */,
				66B507A62603123F005478F2 /* CopyFiles */,
			);
			buildRules = (
			);
			dependencies = (
			);
			name = spdlog;
			productName = spdlog;
			productReference = 66B507A82603123F005478F2 /* libspdlog.a */;
			productType = "com.apple.product-type.library.static";
		};
/* End PBXNativeTarget section */

/* Begin PBXProject section */
		66B507A02603123F005478F2 /* Project object */ = {
			isa = PBXProject;
			attributes = {
				LastUpgradeCheck = 1240;
				TargetAttributes = {
					66B507A72603123F005478F2 = {
						CreatedOnToolsVersion = 12.4;
					};
				};
			};
			buildConfigurationList = 66B507A32603123F005478F2 /* Build configuration list for PBXProject "spdlog" */;
			compatibilityVersion = "Xcode 9.3";
			developmentRegion = en;
			hasScannedForEncodings = 0;
			knownRegions = (
				en,
				Base,
			);
			mainGroup = 66B5079F2603123F005478F2;
			productRefGroup = 66B507A92603123F005478F2 /* Products */;
			projectDirPath = "";
			projectRoot = "";
			targets = (
				66B507A72603123F005478F2 /* spdlog */,
			);
		};
/* End PBXProject section */

/* Begin PBXSourcesBuildPhase section */
		66B507A42603123F005478F2 /* Sources */ = {
			isa = PBXSourcesBuildPhase;
			buildActionMask = 2147483647;
			files = (
				6696D474260D82100006FB6F /* fmt.cpp in Sources */,
				6696D476260D82100006FB6F /* async.cpp in Sources */,
				6696D477260D82100006FB6F /* file_sinks.cpp in Sources */,
				6696D472260D82100006FB6F /* cfg.cpp in Sources */,
				6696D479260D82100006FB6F /* spdlog.cpp in Sources */,
				6696D475260D82100006FB6F /* ims_spdlog.mm in Sources */,
				6696D478260D82100006FB6F /* color_sinks.cpp in Sources */,
				6696D473260D82100006FB6F /* stdout_sinks.cpp in Sources */,
			);
			runOnlyForDeploymentPostprocessing = 0;
		};
/* End PBXSourcesBuildPhase section */

/* Begin XCBuildConfiguration section */
		66B507AF2603123F005478F2 /* Debug */ = {
			isa = XCBuildConfiguration;
			buildSettings = {
				ALWAYS_SEARCH_USER_PATHS = NO;
				CLANG_ANALYZER_NONNULL = YES;
				CLANG_ANALYZER_NUMBER_OBJECT_CONVERSION = YES_AGGRESSIVE;
				CLANG_CXX_LANGUAGE_STANDARD = "gnu++14";
				CLANG_CXX_LIBRARY = "libc++";
				CLANG_ENABLE_MODULES = YES;
				CLANG_ENABLE_OBJC_ARC = YES;
				CLANG_ENABLE_OBJC_WEAK = YES;
				CLANG_WARN_BLOCK_CAPTURE_AUTORELEASING = YES;
				CLANG_WARN_BOOL_CONVERSION = YES;
				CLANG_WARN_COMMA = YES;
				CLANG_WARN_CONSTANT_CONVERSION = YES;
				CLANG_WARN_DEPRECATED_OBJC_IMPLEMENTATIONS = YES;
				CLANG_WARN_DIRECT_OBJC_ISA_USAGE = YES_ERROR;
				CLANG_WARN_DOCUMENTATION_COMMENTS = YES;
				CLANG_WARN_EMPTY_BODY = YES;
				CLANG_WARN_ENUM_CONVERSION = YES;
				CLANG_WARN_INFINITE_RECURSION = YES;
				CLANG_WARN_INT_CONVERSION = YES;
				CLANG_WARN_NON_LITERAL_NULL_CONVERSION = YES;
				CLANG_WARN_OBJC_IMPLICIT_RETAIN_SELF = YES;
				CLANG_WARN_OBJC_LITERAL_CONVERSION = YES;
				CLANG_WARN_OBJC_ROOT_CLASS = YES_ERROR;
				CLANG_WARN_QUOTED_INCLUDE_IN_FRAMEWORK_HEADER = YES;
				CLANG_WARN_RANGE_LOOP_ANALYSIS = YES;
				CLANG_WARN_STRICT_PROTOTYPES = YES;
				CLANG_WARN_SUSPICIOUS_MOVE = YES;
				CLANG_WARN_UNGUARDED_AVAILABILITY = YES_AGGRESSIVE;
				CLANG_WARN_UNREACHABLE_CODE = YES;
				CLANG_WARN__DUPLICATE_METHOD_MATCH = YES;
				COPY_PHASE_STRIP = NO;
				DEBUG_INFORMATION_FORMAT = dwarf;
				ENABLE_STRICT_OBJC_MSGSEND = YES;
				ENABLE_TESTABILITY = YES;
				GCC_C_LANGUAGE_STANDARD = gnu11;
				GCC_DYNAMIC_NO_PIC = NO;
				GCC_NO_COMMON_BLOCKS = YES;
				GCC_OPTIMIZATION_LEVEL = 0;
				GCC_PREPROCESSOR_DEFINITIONS = SPDLOG_COMPILED_LIB;
				GCC_WARN_64_TO_32_BIT_CONVERSION = YES;
				GCC_WARN_ABOUT_RETURN_TYPE = YES_ERROR;
				GCC_WARN_UNDECLARED_SELECTOR = YES;
				GCC_WARN_UNINITIALIZED_AUTOS = YES_AGGRESSIVE;
				GCC_WARN_UNUSED_FUNCTION = YES;
				GCC_WARN_UNUSED_VARIABLE = YES;
				HEADER_SEARCH_PATHS = "\"$(SRCROOT)/spdlog/include\"";
				IPHONEOS_DEPLOYMENT_TARGET = 9.0;
				MTL_ENABLE_DEBUG_INFO = INCLUDE_SOURCE;
				MTL_FAST_MATH = YES;
				ONLY_ACTIVE_ARCH = YES;
				SDKROOT = iphoneos;
			};
			name = Debug;
		};
		66B507B02603123F005478F2 /* Release */ = {
			isa = XCBuildConfiguration;
			buildSettings = {
				ALWAYS_SEARCH_USER_PATHS = NO;
				CLANG_ANALYZER_NONNULL = YES;
				CLANG_ANALYZER_NUMBER_OBJECT_CONVERSION = YES_AGGRESSIVE;
				CLANG_CXX_LANGUAGE_STANDARD = "gnu++14";
				CLANG_CXX_LIBRARY = "libc++";
				CLANG_ENABLE_MODULES = YES;
				CLANG_ENABLE_OBJC_ARC = YES;
				CLANG_ENABLE_OBJC_WEAK = YES;
				CLANG_WARN_BLOCK_CAPTURE_AUTORELEASING = YES;
				CLANG_WARN_BOOL_CONVERSION = YES;
				CLANG_WARN_COMMA = YES;
				CLANG_WARN_CONSTANT_CONVERSION = YES;
				CLANG_WARN_DEPRECATED_OBJC_IMPLEMENTATIONS = YES;
				CLANG_WARN_DIRECT_OBJC_ISA_USAGE = YES_ERROR;
				CLANG_WARN_DOCUMENTATION_COMMENTS = YES;
				CLANG_WARN_EMPTY_BODY = YES;
				CLANG_WARN_ENUM_CONVERSION = YES;
				CLANG_WARN_INFINITE_RECURSION = YES;
				CLANG_WARN_INT_CONVERSION = YES;
				CLANG_WARN_NON_LITERAL_NULL_CONVERSION = YES;
				CLANG_WARN_OBJC_IMPLICIT_RETAIN_SELF = YES;
				CLANG_WARN_OBJC_LITERAL_CONVERSION = YES;
				CLANG_WARN_OBJC_ROOT_CLASS = YES_ERROR;
				CLANG_WARN_QUOTED_INCLUDE_IN_FRAMEWORK_HEADER = YES;
				CLANG_WARN_RANGE_LOOP_ANALYSIS = YES;
				CLANG_WARN_STRICT_PROTOTYPES = YES;
				CLANG_WARN_SUSPICIOUS_MOVE = YES;
				CLANG_WARN_UNGUARDED_AVAILABILITY = YES_AGGRESSIVE;
				CLANG_WARN_UNREACHABLE_CODE = YES;
				CLANG_WARN__DUPLICATE_METHOD_MATCH = YES;
				COPY_PHASE_STRIP = NO;
				DEBUG_INFORMATION_FORMAT = "dwarf-with-dsym";
				ENABLE_NS_ASSERTIONS = NO;
				ENABLE_STRICT_OBJC_MSGSEND = YES;
				GCC_C_LANGUAGE_STANDARD = gnu11;
				GCC_NO_COMMON_BLOCKS = YES;
				GCC_PREPROCESSOR_DEFINITIONS = SPDLOG_COMPILED_LIB;
				GCC_WARN_64_TO_32_BIT_CONVERSION = YES;
				GCC_WARN_ABOUT_RETURN_TYPE = YES_ERROR;
				GCC_WARN_UNDECLARED_SELECTOR = YES;
				GCC_WARN_UNINITIALIZED_AUTOS = YES_AGGRESSIVE;
				GCC_WARN_UNUSED_FUNCTION = YES;
				GCC_WARN_UNUSED_VARIABLE = YES;
				HEADER_SEARCH_PATHS = "\"$(SRCROOT)/spdlog/include\"";
				IPHONEOS_DEPLOYMENT_TARGET = 9.0;
				MTL_ENABLE_DEBUG_INFO = NO;
				MTL_FAST_MATH = YES;
				SDKROOT = iphoneos;
				VALIDATE_PRODUCT = YES;
			};
			name = Release;
		};
		66B507B22603123F005478F2 /* Debug */ = {
			isa = XCBuildConfiguration;
			buildSettings = {
				CODE_SIGN_STYLE = Automatic;
				DEVELOPMENT_TEAM = KFSKA2NQKM;
				OTHER_LDFLAGS = "-ObjC";
				PRODUCT_NAME = "$(TARGET_NAME)";
				SKIP_INSTALL = YES;
				TARGETED_DEVICE_FAMILY = "1,2";
			};
			name = Debug;
		};
		66B507B32603123F005478F2 /* Release */ = {
			isa = XCBuildConfiguration;
			buildSettings = {
				CODE_SIGN_STYLE = Automatic;
				DEVELOPMENT_TEAM = KFSKA2NQKM;
				OTHER_LDFLAGS = "-ObjC";
				PRODUCT_NAME = "$(TARGET_NAME)";
				SKIP_INSTALL = YES;
				TARGETED_DEVICE_FAMILY = "1,2";
			};
			name = Release;
		};
/* End XCBuildConfiguration section */

/* Begin XCConfigurationList section */
		66B507A32603123F005478F2 /* Build configuration list for PBXProject "spdlog" */ = {
			isa = XCConfigurationList;
			buildConfigurations = (
				66B507AF2603123F005478F2 /* Debug */,
				66B507B02603123F005478F2 /* Release */,
			);
			defaultConfigurationIsVisible = 0;
			defaultConfigurationName = Release;
		};
		66B507B12603123F005478F2 /* Build configuration list for PBXNativeTarget "spdlog" */ = {
			isa = XCConfigurationList;
			buildConfigurations = (
				66B507B22603123F005478F2 /* Debug */,
				66B507B32603123F005478F2 /* Release */,
			);
			defaultConfigurationIsVisible = 0;
			defaultConfigurationName = Release;
		};
/* End XCConfigurationList section */
	};
	rootObject = 66B507A02603123F005478F2 /* Project object */;
}
